schema: '2.0'
stages:
  preprocess:
    cmd: python preprocess.py
    deps:
    - path: data/train_titanic.csv
      hash: md5
      md5: 2309cc5f04782ed9bb6016d9f4e381cf
      size: 61194
    - path: preprocess.py
      hash: md5
      md5: 69e3c167a4da3364e166d8b482044750
      size: 1157
    outs:
    - path: data/test.csv
      hash: md5
      md5: 04148a4506305715f88bc2a75570be29
      size: 4329
    - path: data/train.csv
      hash: md5
      md5: e79ea02cac8e9d2f020629e4444d7707
      size: 17205
  train:
    cmd: python train.py
    deps:
    - path: data/train.csv
      hash: md5
      md5: e79ea02cac8e9d2f020629e4444d7707
      size: 17205
    - path: train.py
      hash: md5
      md5: ef27b0f6641931d925ec2eee687ca26a
      size: 539
    outs:
    - path: models/model.pkl
      hash: md5
      md5: cfb3ab56827220a3e27bf6cf57c530d3
      size: 2389417
  validate:
    cmd: python validate.py
    deps:
    - path: data/test.csv
      hash: md5
      md5: 04148a4506305715f88bc2a75570be29
      size: 4329
    - path: models/model.pkl
      hash: md5
      md5: cfb3ab56827220a3e27bf6cf57c530d3
      size: 2389417
    - path: validate.py
      hash: md5
      md5: f513f23e0603ff5f5cd3e1744c990229
      size: 1173
    outs:
    - path: confusion_matrix.png
      hash: md5
      md5: d84cdd79ee66f172b4bd07cb7cc5e6de
      size: 9872
    - path: metrics.json
      hash: md5
      md5: 73c14bd9d612c2702d0c6118f479bae8
      size: 133
