schema: '2.0'
stages:
  preprocess:
    cmd: python preprocess.py
    deps:
    - path: data/train_titanic.csv
      hash: md5
      md5: 2309cc5f04782ed9bb6016d9f4e381cf
      size: 61194
    - path: preprocess.py
      hash: md5
      md5: 69e3c167a4da3364e166d8b482044750
      size: 1157
    outs:
    - path: data/test.csv
      hash: md5
      md5: 04148a4506305715f88bc2a75570be29
      size: 4329
    - path: data/train.csv
      hash: md5
      md5: e79ea02cac8e9d2f020629e4444d7707
      size: 17205
  train:
    cmd: python train.py
    deps:
    - path: data/train.csv
      hash: md5
      md5: e79ea02cac8e9d2f020629e4444d7707
      size: 17205
    - path: train.py
      hash: md5
      md5: c1c1bde3b683369b06b4d249b3153af1
      size: 477
    outs:
    - path: models/model.pkl
      hash: md5
      md5: fa50641733caed48c3c1bd5da4bf14a1
      size: 38075
  validate:
    cmd: python validate.py
    deps:
    - path: data/test.csv
      hash: md5
      md5: 04148a4506305715f88bc2a75570be29
      size: 4329
    - path: models/model.pkl
      hash: md5
      md5: fa50641733caed48c3c1bd5da4bf14a1
      size: 38075
    - path: validate.py
      hash: md5
      md5: f513f23e0603ff5f5cd3e1744c990229
      size: 1173
    outs:
    - path: confusion_matrix.png
      hash: md5
      md5: 21c8b77eebd0beb64132fe1f06865614
      size: 9893
    - path: metrics.json
      hash: md5
      md5: ac8c810c47cfbf1c9636ddcff7963660
      size: 130
